
Microsoft Visual Studio Solution File, Format Version 12.00
# Visual Studio 15
VisualStudioVersion = 15.0.27130.2026
MinimumVisualStudioVersion = 10.0.40219.1
Project("{FAE04EC0-301F-11D3-BF4B-00C04F79EFBC}") = "PiConsole", "PiConsole\PiConsole.csproj", "{D4B98011-1BE3-4A7C-BD26-56082701D574}"
EndProject
Project("{9A19103F-16F7-4668-BE54-9A1E7A4F7556}") = "Interfaces", "Interfaces\Interfaces.csproj", "{DC3FF27A-BA52-4CA2-9620-17E764E8C6CF}"
EndProject
Project("{9A19103F-16F7-4668-BE54-9A1E7A4F7556}") = "TestGame", "TESTGAME\TESTGAME\TestGame.csproj", "{5BBA165F-0BA9-4F8E-94B7-43E9CB239E7F}"
EndProject
Project("{9A19103F-16F7-4668-BE54-9A1E7A4F7556}") = "SWPTheGame", "SWPTheGame\SWPTheGame.csproj", "{84384496-3959-4639-AE6C-47EE7725EDED}"
EndProject
Global
	GlobalSection(SolutionConfigurationPlatforms) = preSolution
		Debug|Any CPU = Debug|Any CPU
		Release|Any CPU = Release|Any CPU
	EndGlobalSection
	GlobalSection(ProjectConfigurationPlatforms) = postSolution
		{D4B98011-1BE3-4A7C-BD26-56082701D574}.Debug|Any CPU.ActiveCfg = Debug|Any CPU
		{D4B98011-1BE3-4A7C-BD26-56082701D574}.Debug|Any CPU.Build.0 = Debug|Any CPU
		{D4B98011-1BE3-4A7C-BD26-56082701D574}.Release|Any CPU.ActiveCfg = Release|Any CPU
		{D4B98011-1BE3-4A7C-BD26-56082701D574}.Release|Any CPU.Build.0 = Release|Any CPU
		{DC3FF27A-BA52-4CA2-9620-17E764E8C6CF}.Debug|Any CPU.ActiveCfg = Debug|Any CPU
		{DC3FF27A-BA52-4CA2-9620-17E764E8C6CF}.Debug|Any CPU.Build.0 = Debug|Any CPU
		{DC3FF27A-BA52-4CA2-9620-17E764E8C6CF}.Release|Any CPU.ActiveCfg = Release|Any CPU
		{DC3FF27A-BA52-4CA2-9620-17E764E8C6CF}.Release|Any CPU.Build.0 = Release|Any CPU
		{5BBA165F-0BA9-4F8E-94B7-43E9CB239E7F}.Debug|Any CPU.ActiveCfg = Debug|Any CPU
		{5BBA165F-0BA9-4F8E-94B7-43E9CB239E7F}.Debug|Any CPU.Build.0 = Debug|Any CPU
		{5BBA165F-0BA9-4F8E-94B7-43E9CB239E7F}.Release|Any CPU.ActiveCfg = Release|Any CPU
		{5BBA165F-0BA9-4F8E-94B7-43E9CB239E7F}.Release|Any CPU.Build.0 = Release|Any CPU
		{84384496-3959-4639-AE6C-47EE7725EDED}.Debug|Any CPU.ActiveCfg = Debug|Any CPU
		{84384496-3959-4639-AE6C-47EE7725EDED}.Debug|Any CPU.Build.0 = Debug|Any CPU
		{84384496-3959-4639-AE6C-47EE7725EDED}.Release|Any CPU.ActiveCfg = Release|Any CPU
		{84384496-3959-4639-AE6C-47EE7725EDED}.Release|Any CPU.Build.0 = Release|Any CPU
	EndGlobalSection
	GlobalSection(SolutionProperties) = preSolution
		HideSolutionNode = FALSE
	EndGlobalSection
	GlobalSection(ExtensibilityGlobals) = postSolution
		SolutionGuid = {7348B67C-DB70-432C-BD30-005234BBF176}
	EndGlobalSection
EndGlobal
