
Microsoft Visual Studio Solution File, Format Version 12.00
# Visual Studio 15
VisualStudioVersion = 15.0.27130.2026
MinimumVisualStudioVersion = 10.0.40219.1
Project("{FAE04EC0-301F-11D3-BF4B-00C04F79EFBC}") = "TESTGAME", "TESTGAME\TESTGAME.csproj", "{F9C11A09-3BCE-4A8B-A2F3-FB4C2C000C7D}"
EndProject
Global
	GlobalSection(SolutionConfigurationPlatforms) = preSolution
		Debug|Any CPU = Debug|Any CPU
		Release|Any CPU = Release|Any CPU
	EndGlobalSection
	GlobalSection(ProjectConfigurationPlatforms) = postSolution
		{F9C11A09-3BCE-4A8B-A2F3-FB4C2C000C7D}.Debug|Any CPU.ActiveCfg = Debug|Any CPU
		{F9C11A09-3BCE-4A8B-A2F3-FB4C2C000C7D}.Debug|Any CPU.Build.0 = Debug|Any CPU
		{F9C11A09-3BCE-4A8B-A2F3-FB4C2C000C7D}.Release|Any CPU.ActiveCfg = Release|Any CPU
		{F9C11A09-3BCE-4A8B-A2F3-FB4C2C000C7D}.Release|Any CPU.Build.0 = Release|Any CPU
	EndGlobalSection
	GlobalSection(SolutionProperties) = preSolution
		HideSolutionNode = FALSE
	EndGlobalSection
	GlobalSection(ExtensibilityGlobals) = postSolution
		SolutionGuid = {DAC7C1A5-5CEE-4830-9859-192E75F8C9D2}
	EndGlobalSection
EndGlobal
